
Microsoft Visual Studio Solution File, Format Version 12.00
Project("{2150E333-8FDC-42A3-9474-1A3956D46DE8}") = "Patterns", "Patterns", "{47C54923-3E3C-4451-A1B7-AC5DDA52EED9}"
EndProject
Project("{2150E333-8FDC-42A3-9474-1A3956D46DE8}") = "Creational", "Creational", "{5B510F2A-B658-44E7-AD99-58B0291500ED}"
EndProject
Project("{2150E333-8FDC-42A3-9474-1A3956D46DE8}") = "Structural", "Structural", "{69DF806F-AAB7-4C48-AFD9-750D3D244CED}"
EndProject
Project("{2150E333-8FDC-42A3-9474-1A3956D46DE8}") = "Behavioral", "Behavioral", "{733F5EE8-72CF-4BC2-816A-CABDD58B3DC4}"
EndProject
Project("{FAE04EC0-301F-11D3-BF4B-00C04F79EFBC}") = "Singleton", "Singleton\Singleton.csproj", "{75E32EAE-54E2-4721-AE03-40265248D5C5}"
EndProject
Project("{FAE04EC0-301F-11D3-BF4B-00C04F79EFBC}") = "Prototype", "Prototype\Prototype.csproj", "{E3D5C121-A70F-4CE4-8691-8DB434F03129}"
EndProject
Project("{FAE04EC0-301F-11D3-BF4B-00C04F79EFBC}") = "Builder", "Builder\Builder.csproj", "{8B8FBCB0-0823-45C9-A8EC-4D92FAABF4FB}"
EndProject
Project("{FAE04EC0-301F-11D3-BF4B-00C04F79EFBC}") = "FluentBuilder", "FluentBuilder\FluentBuilder.csproj", "{A9881164-9DCA-4E1E-8A2D-007106F3AC1A}"
EndProject
Project("{FAE04EC0-301F-11D3-BF4B-00C04F79EFBC}") = "FactoryMethod", "FactoryMethod\FactoryMethod.csproj", "{D34E1592-939D-4994-8362-83123639833D}"
EndProject
Project("{FAE04EC0-301F-11D3-BF4B-00C04F79EFBC}") = "AbstractFactory", "AbstractFactory\AbstractFactory.csproj", "{AF81C222-0751-4C35-9B07-EC77E8273BEF}"
EndProject
Project("{FAE04EC0-301F-11D3-BF4B-00C04F79EFBC}") = "Adapter", "Adapter\Adapter.csproj", "{B69978A3-F045-4737-8209-D7A231298899}"
EndProject
Project("{FAE04EC0-301F-11D3-BF4B-00C04F79EFBC}") = "Decorator", "Decorator\Decorator.csproj", "{86EF4AED-9ADD-4A0C-B377-402BC90909A7}"
EndProject
Project("{FAE04EC0-301F-11D3-BF4B-00C04F79EFBC}") = "Proxy", "Proxy\Proxy.csproj", "{BEB73B97-9709-45D6-9ADD-2149059A55C7}"
EndProject
Project("{FAE04EC0-301F-11D3-BF4B-00C04F79EFBC}") = "Composite", "Composite\Composite.csproj", "{CD54B7B0-CC06-4C06-A3C4-89B3CEE0216C}"
EndProject
Project("{FAE04EC0-301F-11D3-BF4B-00C04F79EFBC}") = "Bridge", "Bridge\Bridge.csproj", "{3730EE56-D302-4482-8AE6-03FAEE993C48}"
EndProject
Project("{FAE04EC0-301F-11D3-BF4B-00C04F79EFBC}") = "Facade", "Facade\Facade.csproj", "{5F378A02-1CCB-4AD2-A8B1-1DC435149131}"
EndProject
Project("{FAE04EC0-301F-11D3-BF4B-00C04F79EFBC}") = "Flyweight", "Flyweight\Flyweight.csproj", "{A9BB271D-5238-4ED6-8902-E2928616E630}"
EndProject
Project("{FAE04EC0-301F-11D3-BF4B-00C04F79EFBC}") = "ChainOfResponsibility", "ChainOfResponsibility\ChainOfResponsibility.csproj", "{9D6BC1C4-81C9-446A-81D4-EA657B551372}"
EndProject
Project("{FAE04EC0-301F-11D3-BF4B-00C04F79EFBC}") = "Mediator", "Mediator\Mediator.csproj", "{3DADC989-C90C-437A-B9C8-8DAAAAA0EF56}"
EndProject
Project("{FAE04EC0-301F-11D3-BF4B-00C04F79EFBC}") = "Observer", "Observer\Observer.csproj", "{0D92839C-90F8-4F0E-BEFF-785C30667ECF}"
EndProject
Project("{FAE04EC0-301F-11D3-BF4B-00C04F79EFBC}") = "Command", "Command\Command.csproj", "{B463D3A0-4EC4-4A65-9814-4AC8877096BB}"
EndProject
Project("{FAE04EC0-301F-11D3-BF4B-00C04F79EFBC}") = "Visitor", "Visitor\Visitor.csproj", "{F8E1BDF5-ABBC-45A2-96B7-F142A52BCA5F}"
EndProject
Project("{FAE04EC0-301F-11D3-BF4B-00C04F79EFBC}") = "Memento", "Memento\Memento.csproj", "{8A288E73-36F2-4341-AE05-E87B72C83F6A}"
EndProject
Project("{FAE04EC0-301F-11D3-BF4B-00C04F79EFBC}") = "Iterator", "Iterator\Iterator.csproj", "{91F7CF44-6FE3-4878-A3A6-8843236DADD9}"
EndProject
Project("{FAE04EC0-301F-11D3-BF4B-00C04F79EFBC}") = "State", "State\State.csproj", "{B43D0929-D7FA-4A25-BCB5-F84C11B49F7C}"
EndProject
Project("{FAE04EC0-301F-11D3-BF4B-00C04F79EFBC}") = "Strategy", "Strategy\Strategy.csproj", "{CB30C9FB-F3B3-4010-9E02-C786A5953D35}"
EndProject
Project("{FAE04EC0-301F-11D3-BF4B-00C04F79EFBC}") = "TemplateMethod", "TemplateMethod\TemplateMethod.csproj", "{3FC30C0A-0F65-4368-9A02-BB7D81692933}"
EndProject
Global
	GlobalSection(SolutionConfigurationPlatforms) = preSolution
		Debug|Any CPU = Debug|Any CPU
		Release|Any CPU = Release|Any CPU
	EndGlobalSection
	GlobalSection(ProjectConfigurationPlatforms) = postSolution
		{75E32EAE-54E2-4721-AE03-40265248D5C5}.Debug|Any CPU.ActiveCfg = Debug|Any CPU
		{75E32EAE-54E2-4721-AE03-40265248D5C5}.Debug|Any CPU.Build.0 = Debug|Any CPU
		{75E32EAE-54E2-4721-AE03-40265248D5C5}.Release|Any CPU.ActiveCfg = Release|Any CPU
		{75E32EAE-54E2-4721-AE03-40265248D5C5}.Release|Any CPU.Build.0 = Release|Any CPU
		{E3D5C121-A70F-4CE4-8691-8DB434F03129}.Debug|Any CPU.ActiveCfg = Debug|Any CPU
		{E3D5C121-A70F-4CE4-8691-8DB434F03129}.Debug|Any CPU.Build.0 = Debug|Any CPU
		{E3D5C121-A70F-4CE4-8691-8DB434F03129}.Release|Any CPU.ActiveCfg = Release|Any CPU
		{E3D5C121-A70F-4CE4-8691-8DB434F03129}.Release|Any CPU.Build.0 = Release|Any CPU
		{8B8FBCB0-0823-45C9-A8EC-4D92FAABF4FB}.Debug|Any CPU.ActiveCfg = Debug|Any CPU
		{8B8FBCB0-0823-45C9-A8EC-4D92FAABF4FB}.Debug|Any CPU.Build.0 = Debug|Any CPU
		{8B8FBCB0-0823-45C9-A8EC-4D92FAABF4FB}.Release|Any CPU.ActiveCfg = Release|Any CPU
		{8B8FBCB0-0823-45C9-A8EC-4D92FAABF4FB}.Release|Any CPU.Build.0 = Release|Any CPU
		{A9881164-9DCA-4E1E-8A2D-007106F3AC1A}.Debug|Any CPU.ActiveCfg = Debug|Any CPU
		{A9881164-9DCA-4E1E-8A2D-007106F3AC1A}.Debug|Any CPU.Build.0 = Debug|Any CPU
		{A9881164-9DCA-4E1E-8A2D-007106F3AC1A}.Release|Any CPU.ActiveCfg = Release|Any CPU
		{A9881164-9DCA-4E1E-8A2D-007106F3AC1A}.Release|Any CPU.Build.0 = Release|Any CPU
		{D34E1592-939D-4994-8362-83123639833D}.Debug|Any CPU.ActiveCfg = Debug|Any CPU
		{D34E1592-939D-4994-8362-83123639833D}.Debug|Any CPU.Build.0 = Debug|Any CPU
		{D34E1592-939D-4994-8362-83123639833D}.Release|Any CPU.ActiveCfg = Release|Any CPU
		{D34E1592-939D-4994-8362-83123639833D}.Release|Any CPU.Build.0 = Release|Any CPU
		{AF81C222-0751-4C35-9B07-EC77E8273BEF}.Debug|Any CPU.ActiveCfg = Debug|Any CPU
		{AF81C222-0751-4C35-9B07-EC77E8273BEF}.Debug|Any CPU.Build.0 = Debug|Any CPU
		{AF81C222-0751-4C35-9B07-EC77E8273BEF}.Release|Any CPU.ActiveCfg = Release|Any CPU
		{AF81C222-0751-4C35-9B07-EC77E8273BEF}.Release|Any CPU.Build.0 = Release|Any CPU
		{B69978A3-F045-4737-8209-D7A231298899}.Debug|Any CPU.ActiveCfg = Debug|Any CPU
		{B69978A3-F045-4737-8209-D7A231298899}.Debug|Any CPU.Build.0 = Debug|Any CPU
		{B69978A3-F045-4737-8209-D7A231298899}.Release|Any CPU.ActiveCfg = Release|Any CPU
		{B69978A3-F045-4737-8209-D7A231298899}.Release|Any CPU.Build.0 = Release|Any CPU
		{86EF4AED-9ADD-4A0C-B377-402BC90909A7}.Debug|Any CPU.ActiveCfg = Debug|Any CPU
		{86EF4AED-9ADD-4A0C-B377-402BC90909A7}.Debug|Any CPU.Build.0 = Debug|Any CPU
		{86EF4AED-9ADD-4A0C-B377-402BC90909A7}.Release|Any CPU.ActiveCfg = Release|Any CPU
		{86EF4AED-9ADD-4A0C-B377-402BC90909A7}.Release|Any CPU.Build.0 = Release|Any CPU
		{BEB73B97-9709-45D6-9ADD-2149059A55C7}.Debug|Any CPU.ActiveCfg = Debug|Any CPU
		{BEB73B97-9709-45D6-9ADD-2149059A55C7}.Debug|Any CPU.Build.0 = Debug|Any CPU
		{BEB73B97-9709-45D6-9ADD-2149059A55C7}.Release|Any CPU.ActiveCfg = Release|Any CPU
		{BEB73B97-9709-45D6-9ADD-2149059A55C7}.Release|Any CPU.Build.0 = Release|Any CPU
		{CD54B7B0-CC06-4C06-A3C4-89B3CEE0216C}.Debug|Any CPU.ActiveCfg = Debug|Any CPU
		{CD54B7B0-CC06-4C06-A3C4-89B3CEE0216C}.Debug|Any CPU.Build.0 = Debug|Any CPU
		{CD54B7B0-CC06-4C06-A3C4-89B3CEE0216C}.Release|Any CPU.ActiveCfg = Release|Any CPU
		{CD54B7B0-CC06-4C06-A3C4-89B3CEE0216C}.Release|Any CPU.Build.0 = Release|Any CPU
		{3730EE56-D302-4482-8AE6-03FAEE993C48}.Debug|Any CPU.ActiveCfg = Debug|Any CPU
		{3730EE56-D302-4482-8AE6-03FAEE993C48}.Debug|Any CPU.Build.0 = Debug|Any CPU
		{3730EE56-D302-4482-8AE6-03FAEE993C48}.Release|Any CPU.ActiveCfg = Release|Any CPU
		{3730EE56-D302-4482-8AE6-03FAEE993C48}.Release|Any CPU.Build.0 = Release|Any CPU
		{5F378A02-1CCB-4AD2-A8B1-1DC435149131}.Debug|Any CPU.ActiveCfg = Debug|Any CPU
		{5F378A02-1CCB-4AD2-A8B1-1DC435149131}.Debug|Any CPU.Build.0 = Debug|Any CPU
		{5F378A02-1CCB-4AD2-A8B1-1DC435149131}.Release|Any CPU.ActiveCfg = Release|Any CPU
		{5F378A02-1CCB-4AD2-A8B1-1DC435149131}.Release|Any CPU.Build.0 = Release|Any CPU
		{A9BB271D-5238-4ED6-8902-E2928616E630}.Debug|Any CPU.ActiveCfg = Debug|Any CPU
		{A9BB271D-5238-4ED6-8902-E2928616E630}.Debug|Any CPU.Build.0 = Debug|Any CPU
		{A9BB271D-5238-4ED6-8902-E2928616E630}.Release|Any CPU.ActiveCfg = Release|Any CPU
		{A9BB271D-5238-4ED6-8902-E2928616E630}.Release|Any CPU.Build.0 = Release|Any CPU
		{9D6BC1C4-81C9-446A-81D4-EA657B551372}.Debug|Any CPU.ActiveCfg = Debug|Any CPU
		{9D6BC1C4-81C9-446A-81D4-EA657B551372}.Debug|Any CPU.Build.0 = Debug|Any CPU
		{9D6BC1C4-81C9-446A-81D4-EA657B551372}.Release|Any CPU.ActiveCfg = Release|Any CPU
		{9D6BC1C4-81C9-446A-81D4-EA657B551372}.Release|Any CPU.Build.0 = Release|Any CPU
		{3DADC989-C90C-437A-B9C8-8DAAAAA0EF56}.Debug|Any CPU.ActiveCfg = Debug|Any CPU
		{3DADC989-C90C-437A-B9C8-8DAAAAA0EF56}.Debug|Any CPU.Build.0 = Debug|Any CPU
		{3DADC989-C90C-437A-B9C8-8DAAAAA0EF56}.Release|Any CPU.ActiveCfg = Release|Any CPU
		{3DADC989-C90C-437A-B9C8-8DAAAAA0EF56}.Release|Any CPU.Build.0 = Release|Any CPU
		{0D92839C-90F8-4F0E-BEFF-785C30667ECF}.Debug|Any CPU.ActiveCfg = Debug|Any CPU
		{0D92839C-90F8-4F0E-BEFF-785C30667ECF}.Debug|Any CPU.Build.0 = Debug|Any CPU
		{0D92839C-90F8-4F0E-BEFF-785C30667ECF}.Release|Any CPU.ActiveCfg = Release|Any CPU
		{0D92839C-90F8-4F0E-BEFF-785C30667ECF}.Release|Any CPU.Build.0 = Release|Any CPU
		{B463D3A0-4EC4-4A65-9814-4AC8877096BB}.Debug|Any CPU.ActiveCfg = Debug|Any CPU
		{B463D3A0-4EC4-4A65-9814-4AC8877096BB}.Debug|Any CPU.Build.0 = Debug|Any CPU
		{B463D3A0-4EC4-4A65-9814-4AC8877096BB}.Release|Any CPU.ActiveCfg = Release|Any CPU
		{B463D3A0-4EC4-4A65-9814-4AC8877096BB}.Release|Any CPU.Build.0 = Release|Any CPU
		{F8E1BDF5-ABBC-45A2-96B7-F142A52BCA5F}.Debug|Any CPU.ActiveCfg = Debug|Any CPU
		{F8E1BDF5-ABBC-45A2-96B7-F142A52BCA5F}.Debug|Any CPU.Build.0 = Debug|Any CPU
		{F8E1BDF5-ABBC-45A2-96B7-F142A52BCA5F}.Release|Any CPU.ActiveCfg = Release|Any CPU
		{F8E1BDF5-ABBC-45A2-96B7-F142A52BCA5F}.Release|Any CPU.Build.0 = Release|Any CPU
		{8A288E73-36F2-4341-AE05-E87B72C83F6A}.Debug|Any CPU.ActiveCfg = Debug|Any CPU
		{8A288E73-36F2-4341-AE05-E87B72C83F6A}.Debug|Any CPU.Build.0 = Debug|Any CPU
		{8A288E73-36F2-4341-AE05-E87B72C83F6A}.Release|Any CPU.ActiveCfg = Release|Any CPU
		{8A288E73-36F2-4341-AE05-E87B72C83F6A}.Release|Any CPU.Build.0 = Release|Any CPU
		{91F7CF44-6FE3-4878-A3A6-8843236DADD9}.Debug|Any CPU.ActiveCfg = Debug|Any CPU
		{91F7CF44-6FE3-4878-A3A6-8843236DADD9}.Debug|Any CPU.Build.0 = Debug|Any CPU
		{91F7CF44-6FE3-4878-A3A6-8843236DADD9}.Release|Any CPU.ActiveCfg = Release|Any CPU
		{91F7CF44-6FE3-4878-A3A6-8843236DADD9}.Release|Any CPU.Build.0 = Release|Any CPU
		{B43D0929-D7FA-4A25-BCB5-F84C11B49F7C}.Debug|Any CPU.ActiveCfg = Debug|Any CPU
		{B43D0929-D7FA-4A25-BCB5-F84C11B49F7C}.Debug|Any CPU.Build.0 = Debug|Any CPU
		{B43D0929-D7FA-4A25-BCB5-F84C11B49F7C}.Release|Any CPU.ActiveCfg = Release|Any CPU
		{B43D0929-D7FA-4A25-BCB5-F84C11B49F7C}.Release|Any CPU.Build.0 = Release|Any CPU
		{CB30C9FB-F3B3-4010-9E02-C786A5953D35}.Debug|Any CPU.ActiveCfg = Debug|Any CPU
		{CB30C9FB-F3B3-4010-9E02-C786A5953D35}.Debug|Any CPU.Build.0 = Debug|Any CPU
		{CB30C9FB-F3B3-4010-9E02-C786A5953D35}.Release|Any CPU.ActiveCfg = Release|Any CPU
		{CB30C9FB-F3B3-4010-9E02-C786A5953D35}.Release|Any CPU.Build.0 = Release|Any CPU
		{3FC30C0A-0F65-4368-9A02-BB7D81692933}.Debug|Any CPU.ActiveCfg = Debug|Any CPU
		{3FC30C0A-0F65-4368-9A02-BB7D81692933}.Debug|Any CPU.Build.0 = Debug|Any CPU
		{3FC30C0A-0F65-4368-9A02-BB7D81692933}.Release|Any CPU.ActiveCfg = Release|Any CPU
		{3FC30C0A-0F65-4368-9A02-BB7D81692933}.Release|Any CPU.Build.0 = Release|Any CPU
	EndGlobalSection
	GlobalSection(NestedProjects) = preSolution
		{5B510F2A-B658-44E7-AD99-58B0291500ED} = {47C54923-3E3C-4451-A1B7-AC5DDA52EED9}
		{69DF806F-AAB7-4C48-AFD9-750D3D244CED} = {47C54923-3E3C-4451-A1B7-AC5DDA52EED9}
		{733F5EE8-72CF-4BC2-816A-CABDD58B3DC4} = {47C54923-3E3C-4451-A1B7-AC5DDA52EED9}
		{75E32EAE-54E2-4721-AE03-40265248D5C5} = {5B510F2A-B658-44E7-AD99-58B0291500ED}
		{E3D5C121-A70F-4CE4-8691-8DB434F03129} = {5B510F2A-B658-44E7-AD99-58B0291500ED}
		{8B8FBCB0-0823-45C9-A8EC-4D92FAABF4FB} = {5B510F2A-B658-44E7-AD99-58B0291500ED}
		{A9881164-9DCA-4E1E-8A2D-007106F3AC1A} = {5B510F2A-B658-44E7-AD99-58B0291500ED}
		{D34E1592-939D-4994-8362-83123639833D} = {5B510F2A-B658-44E7-AD99-58B0291500ED}
		{AF81C222-0751-4C35-9B07-EC77E8273BEF} = {5B510F2A-B658-44E7-AD99-58B0291500ED}
		{B69978A3-F045-4737-8209-D7A231298899} = {69DF806F-AAB7-4C48-AFD9-750D3D244CED}
		{86EF4AED-9ADD-4A0C-B377-402BC90909A7} = {69DF806F-AAB7-4C48-AFD9-750D3D244CED}
		{BEB73B97-9709-45D6-9ADD-2149059A55C7} = {69DF806F-AAB7-4C48-AFD9-750D3D244CED}
		{CD54B7B0-CC06-4C06-A3C4-89B3CEE0216C} = {69DF806F-AAB7-4C48-AFD9-750D3D244CED}
		{3730EE56-D302-4482-8AE6-03FAEE993C48} = {69DF806F-AAB7-4C48-AFD9-750D3D244CED}
		{5F378A02-1CCB-4AD2-A8B1-1DC435149131} = {69DF806F-AAB7-4C48-AFD9-750D3D244CED}
		{A9BB271D-5238-4ED6-8902-E2928616E630} = {69DF806F-AAB7-4C48-AFD9-750D3D244CED}
		{9D6BC1C4-81C9-446A-81D4-EA657B551372} = {733F5EE8-72CF-4BC2-816A-CABDD58B3DC4}
		{3DADC989-C90C-437A-B9C8-8DAAAAA0EF56} = {733F5EE8-72CF-4BC2-816A-CABDD58B3DC4}
		{0D92839C-90F8-4F0E-BEFF-785C30667ECF} = {733F5EE8-72CF-4BC2-816A-CABDD58B3DC4}
		{B463D3A0-4EC4-4A65-9814-4AC8877096BB} = {733F5EE8-72CF-4BC2-816A-CABDD58B3DC4}
		{F8E1BDF5-ABBC-45A2-96B7-F142A52BCA5F} = {733F5EE8-72CF-4BC2-816A-CABDD58B3DC4}
		{8A288E73-36F2-4341-AE05-E87B72C83F6A} = {733F5EE8-72CF-4BC2-816A-CABDD58B3DC4}
		{91F7CF44-6FE3-4878-A3A6-8843236DADD9} = {733F5EE8-72CF-4BC2-816A-CABDD58B3DC4}
		{B43D0929-D7FA-4A25-BCB5-F84C11B49F7C} = {733F5EE8-72CF-4BC2-816A-CABDD58B3DC4}
		{CB30C9FB-F3B3-4010-9E02-C786A5953D35} = {733F5EE8-72CF-4BC2-816A-CABDD58B3DC4}
		{3FC30C0A-0F65-4368-9A02-BB7D81692933} = {733F5EE8-72CF-4BC2-816A-CABDD58B3DC4}
	EndGlobalSection
EndGlobal
